
Microsoft Visual Studio Solution File, Format Version 11.00
# Visual Studio 2010
Project("{FAE04EC0-301F-11D3-BF4B-00C04F79EFBC}") = "Stage(kari)", "Assembly-CSharp-firstpass.csproj", "{5D8EE5D1-8953-FF81-6761-7B4DE5F2C3E2}"
EndProject
Project("{FAE04EC0-301F-11D3-BF4B-00C04F79EFBC}") = "Stage(kari)", "Assembly-CSharp.csproj", "{F74CECE6-EE74-84EB-7FF0-8A84A5A05DBA}"
EndProject
Global
	GlobalSection(SolutionConfigurationPlatforms) = preSolution
		Debug|Any CPU = Debug|Any CPU
		Release|Any CPU = Release|Any CPU
	EndGlobalSection
	GlobalSection(ProjectConfigurationPlatforms) = postSolution
		{5D8EE5D1-8953-FF81-6761-7B4DE5F2C3E2}.Debug|Any CPU.ActiveCfg = Debug|Any CPU
		{5D8EE5D1-8953-FF81-6761-7B4DE5F2C3E2}.Debug|Any CPU.Build.0 = Debug|Any CPU
		{5D8EE5D1-8953-FF81-6761-7B4DE5F2C3E2}.Release|Any CPU.ActiveCfg = Release|Any CPU
		{5D8EE5D1-8953-FF81-6761-7B4DE5F2C3E2}.Release|Any CPU.Build.0 = Release|Any CPU
		{F74CECE6-EE74-84EB-7FF0-8A84A5A05DBA}.Debug|Any CPU.ActiveCfg = Debug|Any CPU
		{F74CECE6-EE74-84EB-7FF0-8A84A5A05DBA}.Debug|Any CPU.Build.0 = Debug|Any CPU
		{F74CECE6-EE74-84EB-7FF0-8A84A5A05DBA}.Release|Any CPU.ActiveCfg = Release|Any CPU
		{F74CECE6-EE74-84EB-7FF0-8A84A5A05DBA}.Release|Any CPU.Build.0 = Release|Any CPU
	EndGlobalSection
	GlobalSection(SolutionProperties) = preSolution
		HideSolutionNode = FALSE
	EndGlobalSection
	GlobalSection(MonoDevelopProperties) = preSolution
		StartupItem = Assembly-CSharp.csproj
	EndGlobalSection
EndGlobal
